
Microsoft Visual Studio Solution File, Format Version 12.00
# Visual Studio Version 17
VisualStudioVersion = 17.13.35919.96
MinimumVisualStudioVersion = 10.0.40219.1
Project("{FAE04EC0-301F-11D3-BF4B-00C04F79EFBC}") = "Vistas", "AppEscritorioPedidos\Vistas.csproj", "{974A41F9-ED25-4DAD-968D-FB7370265AD4}"
EndProject
Project("{FAE04EC0-301F-11D3-BF4B-00C04F79EFBC}") = "Controlador", "Controlador\Controlador.csproj", "{6E8C9618-B014-40EE-89C7-F1BBF51D92A5}"
EndProject
Project("{FAE04EC0-301F-11D3-BF4B-00C04F79EFBC}") = "Datos", "Datos\Datos.csproj", "{E25DA2B9-4583-4E2F-8B4D-BE3F1207F906}"
EndProject
Project("{FAE04EC0-301F-11D3-BF4B-00C04F79EFBC}") = "Entidades", "Entidades\Entidades.csproj", "{995B689D-F66E-406A-95E6-4BCAD96E6B6A}"
EndProject
Project("{2150E333-8FDC-42A3-9474-1A3956D46DE8}") = "Configuration", "Configuration", "{D107F4C8-89CC-BEA8-D3D7-CA6B7733353D}"
	ProjectSection(SolutionItems) = preProject
		App.config = App.config
	EndProjectSection
EndProject
Global
	GlobalSection(SolutionConfigurationPlatforms) = preSolution
		Debug|Any CPU = Debug|Any CPU
		Release|Any CPU = Release|Any CPU
	EndGlobalSection
	GlobalSection(ProjectConfigurationPlatforms) = postSolution
		{974A41F9-ED25-4DAD-968D-FB7370265AD4}.Debug|Any CPU.ActiveCfg = Debug|Any CPU
		{974A41F9-ED25-4DAD-968D-FB7370265AD4}.Debug|Any CPU.Build.0 = Debug|Any CPU
		{974A41F9-ED25-4DAD-968D-FB7370265AD4}.Release|Any CPU.ActiveCfg = Release|Any CPU
		{974A41F9-ED25-4DAD-968D-FB7370265AD4}.Release|Any CPU.Build.0 = Release|Any CPU
		{6E8C9618-B014-40EE-89C7-F1BBF51D92A5}.Debug|Any CPU.ActiveCfg = Debug|Any CPU
		{6E8C9618-B014-40EE-89C7-F1BBF51D92A5}.Debug|Any CPU.Build.0 = Debug|Any CPU
		{6E8C9618-B014-40EE-89C7-F1BBF51D92A5}.Release|Any CPU.ActiveCfg = Release|Any CPU
		{6E8C9618-B014-40EE-89C7-F1BBF51D92A5}.Release|Any CPU.Build.0 = Release|Any CPU
		{E25DA2B9-4583-4E2F-8B4D-BE3F1207F906}.Debug|Any CPU.ActiveCfg = Debug|Any CPU
		{E25DA2B9-4583-4E2F-8B4D-BE3F1207F906}.Debug|Any CPU.Build.0 = Debug|Any CPU
		{E25DA2B9-4583-4E2F-8B4D-BE3F1207F906}.Release|Any CPU.ActiveCfg = Release|Any CPU
		{E25DA2B9-4583-4E2F-8B4D-BE3F1207F906}.Release|Any CPU.Build.0 = Release|Any CPU
		{995B689D-F66E-406A-95E6-4BCAD96E6B6A}.Debug|Any CPU.ActiveCfg = Debug|Any CPU
		{995B689D-F66E-406A-95E6-4BCAD96E6B6A}.Debug|Any CPU.Build.0 = Debug|Any CPU
		{995B689D-F66E-406A-95E6-4BCAD96E6B6A}.Release|Any CPU.ActiveCfg = Release|Any CPU
		{995B689D-F66E-406A-95E6-4BCAD96E6B6A}.Release|Any CPU.Build.0 = Release|Any CPU
	EndGlobalSection
	GlobalSection(SolutionProperties) = preSolution
		HideSolutionNode = FALSE
	EndGlobalSection
	GlobalSection(ExtensibilityGlobals) = postSolution
		SolutionGuid = {153159B2-1094-4EE0-A32E-4DB272829DB9}
	EndGlobalSection
EndGlobal
